
Microsoft Visual Studio Solution File, Format Version 12.00
# Visual Studio Version 17
VisualStudioVersion = 17.4.33213.308
MinimumVisualStudioVersion = 10.0.40219.1
Project("{8BC9CEB8-8B4A-11D0-8D11-00A0C91BC942}") = "check3p", "check3p\check3p.vcxproj", "{0DFBC026-B6C0-40B7-8DB6-E4091B52AC3C}"
EndProject
Global
	GlobalSection(SolutionConfigurationPlatforms) = preSolution
		Debug|x64 = Debug|x64
		Debug|x86 = Debug|x86
		Release|x64 = Release|x64
		Release|x86 = Release|x86
	EndGlobalSection
	GlobalSection(ProjectConfigurationPlatforms) = postSolution
		{0DFBC026-B6C0-40B7-8DB6-E4091B52AC3C}.Debug|x64.ActiveCfg = Debug|x64
		{0DFBC026-B6C0-40B7-8DB6-E4091B52AC3C}.Debug|x64.Build.0 = Debug|x64
		{0DFBC026-B6C0-40B7-8DB6-E4091B52AC3C}.Debug|x86.ActiveCfg = Debug|Win32
		{0DFBC026-B6C0-40B7-8DB6-E4091B52AC3C}.Debug|x86.Build.0 = Debug|Win32
		{0DFBC026-B6C0-40B7-8DB6-E4091B52AC3C}.Release|x64.ActiveCfg = Release|x64
		{0DFBC026-B6C0-40B7-8DB6-E4091B52AC3C}.Release|x64.Build.0 = Release|x64
		{0DFBC026-B6C0-40B7-8DB6-E4091B52AC3C}.Release|x86.ActiveCfg = Release|Win32
		{0DFBC026-B6C0-40B7-8DB6-E4091B52AC3C}.Release|x86.Build.0 = Release|Win32
	EndGlobalSection
	GlobalSection(SolutionProperties) = preSolution
		HideSolutionNode = FALSE
	EndGlobalSection
	GlobalSection(ExtensibilityGlobals) = postSolution
		SolutionGuid = {200C5FCE-2555-4FD5-A45F-C198A063CA73}
	EndGlobalSection
EndGlobal
